lockfileVersion: '9.0'

settings:
  autoInstallPeers: true
  excludeLinksFromLockfile: false

importers:

  .:
    dependencies:
      dotenv:
        specifier: ^17.4.2
        version: 17.4.2
      nodemailer:
        specifier: ^9.0.3
        version: 9.0.3
      parse5:
        specifier: 7.3.0
        version: 7.3.0

packages:

  dotenv@17.4.2:
    resolution: {integrity: sha512-nI4U3TottKAcAD9LLud4Cb7b2QztQMUEfHbvhTH09bqXTxnSie8WnjPALV/WMCrJZ6UV/qHJ6L03OqO3LcdYZw==}
    engines: {node: '>=12'}

  entities@6.0.1:
    resolution: {integrity: sha512-aN97NXWF6AWBTahfVOIrB/NShkzi5H7F9r1s9mD3cDj4Ko5f2qhhVoYMibXF7GlLveb/D2ioWay8lxI97Ven3g==}
    engines: {node: '>=0.12'}

  nodemailer@9.0.3:
    resolution: {integrity: sha512-n+YP+NKwR5zRWa60k3GiQ6Q3B4KXCoAw40dAKeCtYn020iNN74aWK2liXIC3ZEATeGql7we3tE3t8QwhY0eskw==}
    engines: {node: '>=6.0.0'}

  parse5@7.3.0:
    resolution: {integrity: sha512-IInvU7fabl34qmi9gY8XOVxhYyMyuH2xUNpb2q8/Y+7552KlejkRvqvD19nMoUW/uQGGbqNpA6Tufu5FL5BZgw==}

snapshots:

  dotenv@17.4.2: {}

  entities@6.0.1: {}

  nodemailer@9.0.3: {}

  parse5@7.3.0:
    dependencies:
      entities: 6.0.1
